{
  "name": "darkmode-web",
  "version": "1.0.1",
  "lockfileVersion": 3,
  "requires": true,
  "packages": {
    "": {
      "name": "darkmode-web",
      "version": "1.0.1",
      "license": "ISC",
      "dependencies": {
        "darkreader": "4.9.133"
      },
      "devDependencies": {
        "playwright": "1.63.0"
      }
    },
    "node_modules/@rollup/rollup-linux-x64-gnu": {
      "version": "4.63.1",
      "resolved": "https://registry.npmjs.org/@rollup/rollup-linux-x64-gnu/-/rollup-linux-x64-gnu-4.63.1.tgz",
      "integrity": "sha512-gfI5T24WLLuFfSKw7Go/zDXjAAV0fny0swTaDv+WjK7vqcw4cRhFfdsyKL1n+ukI+ooBxn3bVQnyrn06WpI50w==",
      "cpu": [
        "x64"
      ],
      "libc": [
        "glibc"
      ],
      "license": "MIT",
      "optional": true,
      "os": [
        "linux"
      ]
    },
    "node_modules/@rollup/rollup-win32-x64-msvc": {
      "version": "4.63.1",
      "resolved": "https://registry.npmjs.org/@rollup/rollup-win32-x64-msvc/-/rollup-win32-x64-msvc-4.63.1.tgz",
      "integrity": "sha512-at8QVep6S3h5Y6gSbdGU06bRY5WJkf6WUduM9YtvYMbYhB1MOFfUgc6kehitQXzOtMSaT70q7f9ydPhpqu821w==",
      "cpu": [
        "x64"
      ],
      "license": "MIT",
      "optional": true,
      "os": [
        "win32"
      ]
    },
    "node_modules/darkreader": {
      "version": "4.9.133",
      "resolved": "https://registry.npmjs.org/darkreader/-/darkreader-4.9.133.tgz",
      "integrity": "sha512-d3dRGpVgoBnMXl9qfnTuRvrdtO/9e6puFbsDwxfycTwbRNFI+sNX+093h6qnNo4VosyHHUaIXyunDWvbEudTRQ==",
      "license": "MIT",
      "dependencies": {
        "malevic": "0.20.3"
      },
      "funding": {
        "type": "opencollective",
        "url": "https://opencollective.com/darkreader/donate"
      },
      "optionalDependencies": {
        "@rollup/rollup-linux-x64-gnu": "4.63.1",
        "@rollup/rollup-win32-x64-msvc": "4.63.1"
      }
    },
    "node_modules/malevic": {
      "version": "0.20.3",
      "resolved": "https://registry.npmjs.org/malevic/-/malevic-0.20.3.tgz",
      "integrity": "sha512-DzUDSf5MkW0Bjrk7l5j6hIN4uxMRGLKmblKvZ84Nu3V5bwAu4tzYX7Mds5HM5Vk1oZaTIeEPFbHaUU1YSWwOnw==",
      "license": "MIT"
    },
    "node_modules/playwright": {
      "version": "1.63.0",
      "resolved": "https://registry.npmjs.org/playwright/-/playwright-1.63.0.tgz",
      "integrity": "sha512-+7ziBLidS4NaNCdt57SUDT+wYmmd5fmiQejUic/kb+YsYSCPyOOE9sebzMjNmQrsnNpDJqd4WHvV/8lfKfUDUg==",
      "dev": true,
      "license": "Apache-2.0",
      "dependencies": {
        "playwright-core": "1.63.0"
      },
      "bin": {
        "playwright": "cli.js"
      },
      "engines": {
        "node": ">=20"
      }
    },
    "node_modules/playwright-core": {
      "version": "1.63.0",
      "resolved": "https://registry.npmjs.org/playwright-core/-/playwright-core-1.63.0.tgz",
      "integrity": "sha512-rYCsBF/M5HjUch52bbtVONEFjv6Xu8sm8h72dNlR5bzIE1fvC/bxgspzkjSfU+MweEMmPM8KJebG6nnyxo5mCg==",
      "dev": true,
      "license": "Apache-2.0",
      "bin": {
        "playwright-core": "cli.js"
      },
      "engines": {
        "node": ">=20"
      }
    }
  }
}
